
Microsoft Visual Studio Solution File, Format Version 12.00
# Visual Studio Version 16
VisualStudioVersion = 16.0.31005.135
MinimumVisualStudioVersion = 10.0.40219.1
Project("{9A19103F-16F7-4668-BE54-9A1E7A4F7556}") = "DemoAPI.Framework", "DemoAPI.Framework.csproj", "{88AD01B2-6311-4AF2-9671-583B534FD0DC}"
EndProject
Project("{FAE04EC0-301F-11D3-BF4B-00C04F79EFBC}") = "DemoAPI.Tests", "..\DemoAPI.Tests\DemoAPI.Tests.csproj", "{F1B16079-BC15-4117-85C4-729FE9F19921}"
EndProject
Global
	GlobalSection(SolutionConfigurationPlatforms) = preSolution
		Debug|Any CPU = Debug|Any CPU
		Release|Any CPU = Release|Any CPU
	EndGlobalSection
	GlobalSection(ProjectConfigurationPlatforms) = postSolution
		{88AD01B2-6311-4AF2-9671-583B534FD0DC}.Debug|Any CPU.ActiveCfg = Debug|Any CPU
		{88AD01B2-6311-4AF2-9671-583B534FD0DC}.Debug|Any CPU.Build.0 = Debug|Any CPU
		{88AD01B2-6311-4AF2-9671-583B534FD0DC}.Release|Any CPU.ActiveCfg = Release|Any CPU
		{88AD01B2-6311-4AF2-9671-583B534FD0DC}.Release|Any CPU.Build.0 = Release|Any CPU
		{F1B16079-BC15-4117-85C4-729FE9F19921}.Debug|Any CPU.ActiveCfg = Debug|Any CPU
		{F1B16079-BC15-4117-85C4-729FE9F19921}.Debug|Any CPU.Build.0 = Debug|Any CPU
		{F1B16079-BC15-4117-85C4-729FE9F19921}.Release|Any CPU.ActiveCfg = Release|Any CPU
		{F1B16079-BC15-4117-85C4-729FE9F19921}.Release|Any CPU.Build.0 = Release|Any CPU
	EndGlobalSection
	GlobalSection(SolutionProperties) = preSolution
		HideSolutionNode = FALSE
	EndGlobalSection
	GlobalSection(ExtensibilityGlobals) = postSolution
		SolutionGuid = {8E79BC97-650C-421E-841E-967462904865}
	EndGlobalSection
EndGlobal
